// !$*UTF8*$!
{
	archiveVersion = 1;
	classes = {
	};
	objectVersion = 55;
	objects = {

/* Begin PBXBuildFile section */
		8462BB4C28219A1100681EBD /* AppDelegate.swift in Sources */ = {isa = PBXBuildFile; fileRef = 8462BB4B28219A1100681EBD /* AppDelegate.swift */; };
		8462BB4E28219A1100681EBD /* SceneDelegate.swift in Sources */ = {isa = PBXBuildFile; fileRef = 8462BB4D28219A1100681EBD /* SceneDelegate.swift */; };
		8462BB5328219A1200681EBD /* Main.storyboard in Resources */ = {isa = PBXBuildFile; fileRef = 8462BB5128219A1200681EBD /* Main.storyboard */; };
		8462BB5528219A1300681EBD /* Assets.xcassets in Resources */ = {isa = PBXBuildFile; fileRef = 8462BB5428219A1300681EBD /* Assets.xcassets */; };
		8462BB5828219A1300681EBD /* LaunchScreen.storyboard in Resources */ = {isa = PBXBuildFile; fileRef = 8462BB5628219A1300681EBD /* LaunchScreen.storyboard */; };
		8462BB6128219B0100681EBD /* PeoplesViewController.swift in Sources */ = {isa = PBXBuildFile; fileRef = 8462BB6028219B0100681EBD /* PeoplesViewController.swift */; };
		8462BB6328219B4A00681EBD /* PeopleDetailsViewController.swift in Sources */ = {isa = PBXBuildFile; fileRef = 8462BB6228219B4A00681EBD /* PeopleDetailsViewController.swift */; };
		8462BB6528219B7B00681EBD /* RoomsTableViewCell.swift in Sources */ = {isa = PBXBuildFile; fileRef = 8462BB6428219B7B00681EBD /* RoomsTableViewCell.swift */; };
		8462BB6728219BAE00681EBD /* PeopleCollectionViewCell.swift in Sources */ = {isa = PBXBuildFile; fileRef = 8462BB6628219BAE00681EBD /* PeopleCollectionViewCell.swift */; };
		8462BB6928219BDE00681EBD /* RoomsViewControllerType.swift in Sources */ = {isa = PBXBuildFile; fileRef = 8462BB6828219BDE00681EBD /* RoomsViewControllerType.swift */; };
		8462BB6C28219C2A00681EBD /* PeopleDetailsViewModel.swift in Sources */ = {isa = PBXBuildFile; fileRef = 8462BB6B28219C2A00681EBD /* PeopleDetailsViewModel.swift */; };
		8462BB6E28219C5400681EBD /* PeopleViewModelType.swift in Sources */ = {isa = PBXBuildFile; fileRef = 8462BB6D28219C5400681EBD /* PeopleViewModelType.swift */; };
		8462BB7028219C8000681EBD /* RoomsViewModelType.swift in Sources */ = {isa = PBXBuildFile; fileRef = 8462BB6F28219C8000681EBD /* RoomsViewModelType.swift */; };
/* End PBXBuildFile section */

/* Begin PBXFileReference section */
		8462BB4828219A1100681EBD /* Staff_Directory.app */ = {isa = PBXFileReference; explicitFileType = wrapper.application; includeInIndex = 0; path = Staff_Directory.app; sourceTree = BUILT_PRODUCTS_DIR; };
		8462BB4B28219A1100681EBD /* AppDelegate.swift */ = {isa = PBXFileReference; lastKnownFileType = sourcecode.swift; path = AppDelegate.swift; sourceTree = "<group>"; };
		8462BB4D28219A1100681EBD /* SceneDelegate.swift */ = {isa = PBXFileReference; lastKnownFileType = sourcecode.swift; path = SceneDelegate.swift; sourceTree = "<group>"; };
		8462BB5228219A1200681EBD /* Base */ = {isa = PBXFileReference; lastKnownFileType = file.storyboard; name = Base; path = Base.lproj/Main.storyboard; sourceTree = "<group>"; };
		8462BB5428219A1300681EBD /* Assets.xcassets */ = {isa = PBXFileReference; lastKnownFileType = folder.assetcatalog; path = Assets.xcassets; sourceTree = "<group>"; };
		8462BB5728219A1300681EBD /* Base */ = {isa = PBXFileReference; lastKnownFileType = file.storyboard; name = Base; path = Base.lproj/LaunchScreen.storyboard; sourceTree = "<group>"; };
		8462BB5928219A1300681EBD /* Info.plist */ = {isa = PBXFileReference; lastKnownFileType = text.plist.xml; path = Info.plist; sourceTree = "<group>"; };
		8462BB6028219B0100681EBD /* PeoplesViewController.swift */ = {isa = PBXFileReference; lastKnownFileType = sourcecode.swift; path = PeoplesViewController.swift; sourceTree = "<group>"; };
		8462BB6228219B4A00681EBD /* PeopleDetailsViewController.swift */ = {isa = PBXFileReference; lastKnownFileType = sourcecode.swift; path = PeopleDetailsViewController.swift; sourceTree = "<group>"; };
		8462BB6428219B7B00681EBD /* RoomsTableViewCell.swift */ = {isa = PBXFileReference; lastKnownFileType = sourcecode.swift; path = RoomsTableViewCell.swift; sourceTree = "<group>"; };
		8462BB6628219BAE00681EBD /* PeopleCollectionViewCell.swift */ = {isa = PBXFileReference; lastKnownFileType = sourcecode.swift; path = PeopleCollectionViewCell.swift; sourceTree = "<group>"; };
		8462BB6828219BDE00681EBD /* RoomsViewControllerType.swift */ = {isa = PBXFileReference; lastKnownFileType = sourcecode.swift; path = RoomsViewControllerType.swift; sourceTree = "<group>"; };
		8462BB6B28219C2A00681EBD /* PeopleDetailsViewModel.swift */ = {isa = PBXFileReference; lastKnownFileType = sourcecode.swift; path = PeopleDetailsViewModel.swift; sourceTree = "<group>"; };
		8462BB6D28219C5400681EBD /* PeopleViewModelType.swift */ = {isa = PBXFileReference; lastKnownFileType = sourcecode.swift; path = PeopleViewModelType.swift; sourceTree = "<group>"; };
		8462BB6F28219C8000681EBD /* RoomsViewModelType.swift */ = {isa = PBXFileReference; lastKnownFileType = sourcecode.swift; path = RoomsViewModelType.swift; sourceTree = "<group>"; };
/* End PBXFileReference section */

/* Begin PBXFrameworksBuildPhase section */
		8462BB4528219A1100681EBD /* Frameworks */ = {
			isa = PBXFrameworksBuildPhase;
			buildActionMask = 2147483647;
			files = (
			);
			runOnlyForDeploymentPostprocessing = 0;
		};
/* End PBXFrameworksBuildPhase section */

/* Begin PBXGroup section */
		8462BB3F28219A1100681EBD = {
			isa = PBXGroup;
			children = (
				8462BB4A28219A1100681EBD /* Staff_Directory */,
				8462BB4928219A1100681EBD /* Products */,
			);
			sourceTree = "<group>";
		};
		8462BB4928219A1100681EBD /* Products */ = {
			isa = PBXGroup;
			children = (
				8462BB4828219A1100681EBD /* Staff_Directory.app */,
			);
			name = Products;
			sourceTree = "<group>";
		};
		8462BB4A28219A1100681EBD /* Staff_Directory */ = {
			isa = PBXGroup;
			children = (
				8462BB7128219C9B00681EBD /* Model */,
				8462BB6A28219C0600681EBD /* ViewModel */,
				8462BB5F28219A2600681EBD /* View */,
				8462BB4B28219A1100681EBD /* AppDelegate.swift */,
				8462BB4D28219A1100681EBD /* SceneDelegate.swift */,
				8462BB5128219A1200681EBD /* Main.storyboard */,
				8462BB5428219A1300681EBD /* Assets.xcassets */,
				8462BB5628219A1300681EBD /* LaunchScreen.storyboard */,
				8462BB5928219A1300681EBD /* Info.plist */,
			);
			path = Staff_Directory;
			sourceTree = "<group>";
		};
		8462BB5F28219A2600681EBD /* View */ = {
			isa = PBXGroup;
			children = (
				8462BB6028219B0100681EBD /* PeoplesViewController.swift */,
				8462BB6228219B4A00681EBD /* PeopleDetailsViewController.swift */,
				8462BB6428219B7B00681EBD /* RoomsTableViewCell.swift */,
				8462BB6628219BAE00681EBD /* PeopleCollectionViewCell.swift */,
				8462BB6828219BDE00681EBD /* RoomsViewControllerType.swift */,
			);
			path = View;
			sourceTree = "<group>";
		};
		8462BB6A28219C0600681EBD /* ViewModel */ = {
			isa = PBXGroup;
			children = (
				8462BB6B28219C2A00681EBD /* PeopleDetailsViewModel.swift */,
				8462BB6D28219C5400681EBD /* PeopleViewModelType.swift */,
				8462BB6F28219C8000681EBD /* RoomsViewModelType.swift */,
			);
			path = ViewModel;
			sourceTree = "<group>";
		};
		8462BB7128219C9B00681EBD /* Model */ = {
			isa = PBXGroup;
			children = (
			);
			path = Model;
			sourceTree = "<group>";
		};
/* End PBXGroup section */

/* Begin PBXNativeTarget section */
		8462BB4728219A1100681EBD /* Staff_Directory */ = {
			isa = PBXNativeTarget;
			buildConfigurationList = 8462BB5C28219A1300681EBD /* Build configuration list for PBXNativeTarget "Staff_Directory" */;
			buildPhases = (
				8462BB4428219A1100681EBD /* Sources */,
				8462BB4528219A1100681EBD /* Frameworks */,
				8462BB4628219A1100681EBD /* Resources */,
			);
			buildRules = (
			);
			dependencies = (
			);
			name = Staff_Directory;
			productName = Staff_Directory;
			productReference = 8462BB4828219A1100681EBD /* Staff_Directory.app */;
			productType = "com.apple.product-type.application";
		};
/* End PBXNativeTarget section */

/* Begin PBXProject section */
		8462BB4028219A1100681EBD /* Project object */ = {
			isa = PBXProject;
			attributes = {
				BuildIndependentTargetsInParallel = 1;
				LastSwiftUpdateCheck = 1330;
				LastUpgradeCheck = 1330;
				TargetAttributes = {
					8462BB4728219A1100681EBD = {
						CreatedOnToolsVersion = 13.3.1;
					};
				};
			};
			buildConfigurationList = 8462BB4328219A1100681EBD /* Build configuration list for PBXProject "Staff_Directory" */;
			compatibilityVersion = "Xcode 13.0";
			developmentRegion = en;
			hasScannedForEncodings = 0;
			knownRegions = (
				en,
				Base,
			);
			mainGroup = 8462BB3F28219A1100681EBD;
			productRefGroup = 8462BB4928219A1100681EBD /* Products */;
			projectDirPath = "";
			projectRoot = "";
			targets = (
				8462BB4728219A1100681EBD /* Staff_Directory */,
			);
		};
/* End PBXProject section */

/* Begin PBXResourcesBuildPhase section */
		8462BB4628219A1100681EBD /* Resources */ = {
			isa = PBXResourcesBuildPhase;
			buildActionMask = 2147483647;
			files = (
				8462BB5828219A1300681EBD /* LaunchScreen.storyboard in Resources */,
				8462BB5528219A1300681EBD /* Assets.xcassets in Resources */,
				8462BB5328219A1200681EBD /* Main.storyboard in Resources */,
			);
			runOnlyForDeploymentPostprocessing = 0;
		};
/* End PBXResourcesBuildPhase section */

/* Begin PBXSourcesBuildPhase section */
		8462BB4428219A1100681EBD /* Sources */ = {
			isa = PBXSourcesBuildPhase;
			buildActionMask = 2147483647;
			files = (
				8462BB6928219BDE00681EBD /* RoomsViewControllerType.swift in Sources */,
				8462BB4C28219A1100681EBD /* AppDelegate.swift in Sources */,
				8462BB6E28219C5400681EBD /* PeopleViewModelType.swift in Sources */,
				8462BB6528219B7B00681EBD /* RoomsTableViewCell.swift in Sources */,
				8462BB4E28219A1100681EBD /* SceneDelegate.swift in Sources */,
				8462BB6328219B4A00681EBD /* PeopleDetailsViewController.swift in Sources */,
				8462BB6128219B0100681EBD /* PeoplesViewController.swift in Sources */,
				8462BB7028219C8000681EBD /* RoomsViewModelType.swift in Sources */,
				8462BB6C28219C2A00681EBD /* PeopleDetailsViewModel.swift in Sources */,
				8462BB6728219BAE00681EBD /* PeopleCollectionViewCell.swift in Sources */,
			);
			runOnlyForDeploymentPostprocessing = 0;
		};
/* End PBXSourcesBuildPhase section */

/* Begin PBXVariantGroup section */
		8462BB5128219A1200681EBD /* Main.storyboard */ = {
			isa = PBXVariantGroup;
			children = (
				8462BB5228219A1200681EBD /* Base */,
			);
			name = Main.storyboard;
			sourceTree = "<group>";
		};
		8462BB5628219A1300681EBD /* LaunchScreen.storyboard */ = {
			isa = PBXVariantGroup;
			children = (
				8462BB5728219A1300681EBD /* Base */,
			);
			name = LaunchScreen.storyboard;
			sourceTree = "<group>";
		};
/* End PBXVariantGroup section */

/* Begin XCBuildConfiguration section */
		8462BB5A28219A1300681EBD /* Debug */ = {
			isa = XCBuildConfiguration;
			buildSettings = {
				ALWAYS_SEARCH_USER_PATHS = NO;
				CLANG_ANALYZER_NONNULL = YES;
				CLANG_ANALYZER_NUMBER_OBJECT_CONVERSION = YES_AGGRESSIVE;
				CLANG_CXX_LANGUAGE_STANDARD = "gnu++17";
				CLANG_ENABLE_MODULES = YES;
				CLANG_ENABLE_OBJC_ARC = YES;
				CLANG_ENABLE_OBJC_WEAK = YES;
				CLANG_WARN_BLOCK_CAPTURE_AUTORELEASING = YES;
				CLANG_WARN_BOOL_CONVERSION = YES;
				CLANG_WARN_COMMA = YES;
				CLANG_WARN_CONSTANT_CONVERSION = YES;
				CLANG_WARN_DEPRECATED_OBJC_IMPLEMENTATIONS = YES;
				CLANG_WARN_DIRECT_OBJC_ISA_USAGE = YES_ERROR;
				CLANG_WARN_DOCUMENTATION_COMMENTS = YES;
				CLANG_WARN_EMPTY_BODY = YES;
				CLANG_WARN_ENUM_CONVERSION = YES;
				CLANG_WARN_INFINITE_RECURSION = YES;
				CLANG_WARN_INT_CONVERSION = YES;
				CLANG_WARN_NON_LITERAL_NULL_CONVERSION = YES;
				CLANG_WARN_OBJC_IMPLICIT_RETAIN_SELF = YES;
				CLANG_WARN_OBJC_LITERAL_CONVERSION = YES;
				CLANG_WARN_OBJC_ROOT_CLASS = YES_ERROR;
				CLANG_WARN_QUOTED_INCLUDE_IN_FRAMEWORK_HEADER = YES;
				CLANG_WARN_RANGE_LOOP_ANALYSIS = YES;
				CLANG_WARN_STRICT_PROTOTYPES = YES;
				CLANG_WARN_SUSPICIOUS_MOVE = YES;
				CLANG_WARN_UNGUARDED_AVAILABILITY = YES_AGGRESSIVE;
				CLANG_WARN_UNREACHABLE_CODE = YES;
				CLANG_WARN__DUPLICATE_METHOD_MATCH = YES;
				COPY_PHASE_STRIP = NO;
				DEBUG_INFORMATION_FORMAT = dwarf;
				ENABLE_STRICT_OBJC_MSGSEND = YES;
				ENABLE_TESTABILITY = YES;
				GCC_C_LANGUAGE_STANDARD = gnu11;
				GCC_DYNAMIC_NO_PIC = NO;
				GCC_NO_COMMON_BLOCKS = YES;
				GCC_OPTIMIZATION_LEVEL = 0;
				GCC_PREPROCESSOR_DEFINITIONS = (
					"DEBUG=1",
					"$(inherited)",
				);
				GCC_WARN_64_TO_32_BIT_CONVERSION = YES;
				GCC_WARN_ABOUT_RETURN_TYPE = YES_ERROR;
				GCC_WARN_UNDECLARED_SELECTOR = YES;
				GCC_WARN_UNINITIALIZED_AUTOS = YES_AGGRESSIVE;
				GCC_WARN_UNUSED_FUNCTION = YES;
				GCC_WARN_UNUSED_VARIABLE = YES;
				IPHONEOS_DEPLOYMENT_TARGET = 15.4;
				MTL_ENABLE_DEBUG_INFO = INCLUDE_SOURCE;
				MTL_FAST_MATH = YES;
				ONLY_ACTIVE_ARCH = YES;
				SDKROOT = iphoneos;
				SWIFT_ACTIVE_COMPILATION_CONDITIONS = DEBUG;
				SWIFT_OPTIMIZATION_LEVEL = "-Onone";
			};
			name = Debug;
		};
		8462BB5B28219A1300681EBD /* Release */ = {
			isa = XCBuildConfiguration;
			buildSettings = {
				ALWAYS_SEARCH_USER_PATHS = NO;
				CLANG_ANALYZER_NONNULL = YES;
				CLANG_ANALYZER_NUMBER_OBJECT_CONVERSION = YES_AGGRESSIVE;
				CLANG_CXX_LANGUAGE_STANDARD = "gnu++17";
				CLANG_ENABLE_MODULES = YES;
				CLANG_ENABLE_OBJC_ARC = YES;
				CLANG_ENABLE_OBJC_WEAK = YES;
				CLANG_WARN_BLOCK_CAPTURE_AUTORELEASING = YES;
				CLANG_WARN_BOOL_CONVERSION = YES;
				CLANG_WARN_COMMA = YES;
				CLANG_WARN_CONSTANT_CONVERSION = YES;
				CLANG_WARN_DEPRECATED_OBJC_IMPLEMENTATIONS = YES;
				CLANG_WARN_DIRECT_OBJC_ISA_USAGE = YES_ERROR;
				CLANG_WARN_DOCUMENTATION_COMMENTS = YES;
				CLANG_WARN_EMPTY_BODY = YES;
				CLANG_WARN_ENUM_CONVERSION = YES;
				CLANG_WARN_INFINITE_RECURSION = YES;
				CLANG_WARN_INT_CONVERSION = YES;
				CLANG_WARN_NON_LITERAL_NULL_CONVERSION = YES;
				CLANG_WARN_OBJC_IMPLICIT_RETAIN_SELF = YES;
				CLANG_WARN_OBJC_LITERAL_CONVERSION = YES;
				CLANG_WARN_OBJC_ROOT_CLASS = YES_ERROR;
				CLANG_WARN_QUOTED_INCLUDE_IN_FRAMEWORK_HEADER = YES;
				CLANG_WARN_RANGE_LOOP_ANALYSIS = YES;
				CLANG_WARN_STRICT_PROTOTYPES = YES;
				CLANG_WARN_SUSPICIOUS_MOVE = YES;
				CLANG_WARN_UNGUARDED_AVAILABILITY = YES_AGGRESSIVE;
				CLANG_WARN_UNREACHABLE_CODE = YES;
				CLANG_WARN__DUPLICATE_METHOD_MATCH = YES;
				COPY_PHASE_STRIP = NO;
				DEBUG_INFORMATION_FORMAT = "dwarf-with-dsym";
				ENABLE_NS_ASSERTIONS = NO;
				ENABLE_STRICT_OBJC_MSGSEND = YES;
				GCC_C_LANGUAGE_STANDARD = gnu11;
				GCC_NO_COMMON_BLOCKS = YES;
				GCC_WARN_64_TO_32_BIT_CONVERSION = YES;
				GCC_WARN_ABOUT_RETURN_TYPE = YES_ERROR;
				GCC_WARN_UNDECLARED_SELECTOR = YES;
				GCC_WARN_UNINITIALIZED_AUTOS = YES_AGGRESSIVE;
				GCC_WARN_UNUSED_FUNCTION = YES;
				GCC_WARN_UNUSED_VARIABLE = YES;
				IPHONEOS_DEPLOYMENT_TARGET = 15.4;
				MTL_ENABLE_DEBUG_INFO = NO;
				MTL_FAST_MATH = YES;
				SDKROOT = iphoneos;
				SWIFT_COMPILATION_MODE = wholemodule;
				SWIFT_OPTIMIZATION_LEVEL = "-O";
				VALIDATE_PRODUCT = YES;
			};
			name = Release;
		};
		8462BB5D28219A1300681EBD /* Debug */ = {
			isa = XCBuildConfiguration;
			buildSettings = {
				ASSETCATALOG_COMPILER_APPICON_NAME = AppIcon;
				ASSETCATALOG_COMPILER_GLOBAL_ACCENT_COLOR_NAME = AccentColor;
				CODE_SIGN_STYLE = Automatic;
				CURRENT_PROJECT_VERSION = 1;
				GENERATE_INFOPLIST_FILE = YES;
				INFOPLIST_FILE = Staff_Directory/Info.plist;
				INFOPLIST_KEY_UIApplicationSupportsIndirectInputEvents = YES;
				INFOPLIST_KEY_UILaunchStoryboardName = LaunchScreen;
				INFOPLIST_KEY_UIMainStoryboardFile = Main;
				INFOPLIST_KEY_UISupportedInterfaceOrientations = "UIInterfaceOrientationPortrait UIInterfaceOrientationLandscapeLeft UIInterfaceOrientationLandscapeRight";
				INFOPLIST_KEY_UISupportedInterfaceOrientations_iPad = "UIInterfaceOrientationPortrait UIInterfaceOrientationPortraitUpsideDown UIInterfaceOrientationLandscapeLeft UIInterfaceOrientationLandscapeRight";
				INFOPLIST_KEY_UISupportedInterfaceOrientations_iPhone = "UIInterfaceOrientationPortrait UIInterfaceOrientationLandscapeLeft UIInterfaceOrientationLandscapeRight";
				IPHONEOS_DEPLOYMENT_TARGET = 14.0;
				LD_RUNPATH_SEARCH_PATHS = (
					"$(inherited)",
					"@executable_path/Frameworks",
				);
				MARKETING_VERSION = 1.0;
				PRODUCT_BUNDLE_IDENTIFIER = "com.enhanceit.Staff-Directory";
				PRODUCT_NAME = "$(TARGET_NAME)";
				SWIFT_EMIT_LOC_STRINGS = YES;
				SWIFT_VERSION = 5.0;
				TARGETED_DEVICE_FAMILY = "1,2";
			};
			name = Debug;
		};
		8462BB5E28219A1300681EBD /* Release */ = {
			isa = XCBuildConfiguration;
			buildSettings = {
				ASSETCATALOG_COMPILER_APPICON_NAME = AppIcon;
				ASSETCATALOG_COMPILER_GLOBAL_ACCENT_COLOR_NAME = AccentColor;
				CODE_SIGN_STYLE = Automatic;
				CURRENT_PROJECT_VERSION = 1;
				GENERATE_INFOPLIST_FILE = YES;
				INFOPLIST_FILE = Staff_Directory/Info.plist;
				INFOPLIST_KEY_UIApplicationSupportsIndirectInputEvents = YES;
				INFOPLIST_KEY_UILaunchStoryboardName = LaunchScreen;
				INFOPLIST_KEY_UIMainStoryboardFile = Main;
				INFOPLIST_KEY_UISupportedInterfaceOrientations = "UIInterfaceOrientationPortrait UIInterfaceOrientationLandscapeLeft UIInterfaceOrientationLandscapeRight";
				INFOPLIST_KEY_UISupportedInterfaceOrientations_iPad = "UIInterfaceOrientationPortrait UIInterfaceOrientationPortraitUpsideDown UIInterfaceOrientationLandscapeLeft UIInterfaceOrientationLandscapeRight";
				INFOPLIST_KEY_UISupportedInterfaceOrientations_iPhone = "UIInterfaceOrientationPortrait UIInterfaceOrientationLandscapeLeft UIInterfaceOrientationLandscapeRight";
				IPHONEOS_DEPLOYMENT_TARGET = 14.0;
				LD_RUNPATH_SEARCH_PATHS = (
					"$(inherited)",
					"@executable_path/Frameworks",
				);
				MARKETING_VERSION = 1.0;
				PRODUCT_BUNDLE_IDENTIFIER = "com.enhanceit.Staff-Directory";
				PRODUCT_NAME = "$(TARGET_NAME)";
				SWIFT_EMIT_LOC_STRINGS = YES;
				SWIFT_VERSION = 5.0;
				TARGETED_DEVICE_FAMILY = "1,2";
			};
			name = Release;
		};
/* End XCBuildConfiguration section */

/* Begin XCConfigurationList section */
		8462BB4328219A1100681EBD /* Build configuration list for PBXProject "Staff_Directory" */ = {
			isa = XCConfigurationList;
			buildConfigurations = (
				8462BB5A28219A1300681EBD /* Debug */,
				8462BB5B28219A1300681EBD /* Release */,
			);
			defaultConfigurationIsVisible = 0;
			defaultConfigurationName = Release;
		};
		8462BB5C28219A1300681EBD /* Build configuration list for PBXNativeTarget "Staff_Directory" */ = {
			isa = XCConfigurationList;
			buildConfigurations = (
				8462BB5D28219A1300681EBD /* Debug */,
				8462BB5E28219A1300681EBD /* Release */,
			);
			defaultConfigurationIsVisible = 0;
			defaultConfigurationName = Release;
		};
/* End XCConfigurationList section */
	};
	rootObject = 8462BB4028219A1100681EBD /* Project object */;
}
