// !$*UTF8*$!
{
	archiveVersion = 1;
	classes = {
	};
	objectVersion = 55;
	objects = {

/* Begin PBXBuildFile section */
		8462BB4C28219A1100681EBD /* AppDelegate.swift in Sources */ = {isa = PBXBuildFile; fileRef = 8462BB4B28219A1100681EBD /* AppDelegate.swift */; };
		8462BB4E28219A1100681EBD /* SceneDelegate.swift in Sources */ = {isa = PBXBuildFile; fileRef = 8462BB4D28219A1100681EBD /* SceneDelegate.swift */; };
		8462BB5528219A1300681EBD /* Assets.xcassets in Resources */ = {isa = PBXBuildFile; fileRef = 8462BB5428219A1300681EBD /* Assets.xcassets */; };
		8462BB5828219A1300681EBD /* LaunchScreen.storyboard in Resources */ = {isa = PBXBuildFile; fileRef = 8462BB5628219A1300681EBD /* LaunchScreen.storyboard */; };
		8462BB6128219B0100681EBD /* PeoplesViewController.swift in Sources */ = {isa = PBXBuildFile; fileRef = 8462BB6028219B0100681EBD /* PeoplesViewController.swift */; };
		8462BB6328219B4A00681EBD /* PeopleDetailsViewController.swift in Sources */ = {isa = PBXBuildFile; fileRef = 8462BB6228219B4A00681EBD /* PeopleDetailsViewController.swift */; };
		8462BB6528219B7B00681EBD /* RoomsTableViewCell.swift in Sources */ = {isa = PBXBuildFile; fileRef = 8462BB6428219B7B00681EBD /* RoomsTableViewCell.swift */; };
		8462BB6728219BAE00681EBD /* PeopleCollectionViewCell.swift in Sources */ = {isa = PBXBuildFile; fileRef = 8462BB6628219BAE00681EBD /* PeopleCollectionViewCell.swift */; };
		8462BB6928219BDE00681EBD /* RoomsViewControllerType.swift in Sources */ = {isa = PBXBuildFile; fileRef = 8462BB6828219BDE00681EBD /* RoomsViewControllerType.swift */; };
		8462BB6C28219C2A00681EBD /* PeopleDetailsViewModel.swift in Sources */ = {isa = PBXBuildFile; fileRef = 8462BB6B28219C2A00681EBD /* PeopleDetailsViewModel.swift */; };
		8462BB6E28219C5400681EBD /* PeopleViewModel.swift in Sources */ = {isa = PBXBuildFile; fileRef = 8462BB6D28219C5400681EBD /* PeopleViewModel.swift */; };
		8462BB7028219C8000681EBD /* RoomsViewModel.swift in Sources */ = {isa = PBXBuildFile; fileRef = 8462BB6F28219C8000681EBD /* RoomsViewModel.swift */; };
		8462BB7328219E4900681EBD /* Room.swift in Sources */ = {isa = PBXBuildFile; fileRef = 8462BB7228219E4900681EBD /* Room.swift */; };
		8462BB7528219ED000681EBD /* RoomsResponse.swift in Sources */ = {isa = PBXBuildFile; fileRef = 8462BB7428219ED000681EBD /* RoomsResponse.swift */; };
		8462BB7728219F0000681EBD /* PeopleResponse.swift in Sources */ = {isa = PBXBuildFile; fileRef = 8462BB7628219F0000681EBD /* PeopleResponse.swift */; };
		8462BB7928219F2800681EBD /* People.swift in Sources */ = {isa = PBXBuildFile; fileRef = 8462BB7828219F2800681EBD /* People.swift */; };
		8462BB7C28219FF600681EBD /* AppCoordinator.swift in Sources */ = {isa = PBXBuildFile; fileRef = 8462BB7B28219FF600681EBD /* AppCoordinator.swift */; };
		8462BB7E2821A05500681EBD /* CoordinatorType.swift in Sources */ = {isa = PBXBuildFile; fileRef = 8462BB7D2821A05500681EBD /* CoordinatorType.swift */; };
		8462BB802821A07C00681EBD /* PeoplesCoordinator.swift in Sources */ = {isa = PBXBuildFile; fileRef = 8462BB7F2821A07C00681EBD /* PeoplesCoordinator.swift */; };
		8462BB822821A0B000681EBD /* RoomsCoordinator.swift in Sources */ = {isa = PBXBuildFile; fileRef = 8462BB812821A0B000681EBD /* RoomsCoordinator.swift */; };
		8462BB852821A12700681EBD /* ServiceError.swift in Sources */ = {isa = PBXBuildFile; fileRef = 8462BB842821A12700681EBD /* ServiceError.swift */; };
		8462BB872821A16600681EBD /* EndPoint.swift in Sources */ = {isa = PBXBuildFile; fileRef = 8462BB862821A16600681EBD /* EndPoint.swift */; };
		8462BB892821A1A800681EBD /* ImageCacher.swift in Sources */ = {isa = PBXBuildFile; fileRef = 8462BB882821A1A800681EBD /* ImageCacher.swift */; };
		8462BB8B2821A1CF00681EBD /* ServiceManager.swift in Sources */ = {isa = PBXBuildFile; fileRef = 8462BB8A2821A1CF00681EBD /* ServiceManager.swift */; };
		8462BB8D2821A1F400681EBD /* Servicable.swift in Sources */ = {isa = PBXBuildFile; fileRef = 8462BB8C2821A1F400681EBD /* Servicable.swift */; };
		8462BB8F2821A22700681EBD /* ImageDownloader.swift in Sources */ = {isa = PBXBuildFile; fileRef = 8462BB8E2821A22700681EBD /* ImageDownloader.swift */; };
		8462BBA12821A79400681EBD /* PeopleViewModelTests.swift in Sources */ = {isa = PBXBuildFile; fileRef = 8462BBA02821A79400681EBD /* PeopleViewModelTests.swift */; };
		8462BBA92821A88400681EBD /* MockNetworkManager.swift in Sources */ = {isa = PBXBuildFile; fileRef = 8462BBA82821A88400681EBD /* MockNetworkManager.swift */; };
		8462BBAB2821A8E900681EBD /* RoomsViewModelTests.swift in Sources */ = {isa = PBXBuildFile; fileRef = 8462BBAA2821A8E900681EBD /* RoomsViewModelTests.swift */; };
		8462BBB42821A9AA00681EBD /* Staff_DirectoryUITests.swift in Sources */ = {isa = PBXBuildFile; fileRef = 8462BBB32821A9AA00681EBD /* Staff_DirectoryUITests.swift */; };
		8462BBBB2821AA1300681EBD /* Staff_DirectoryUITestsLaunchTests.swift in Sources */ = {isa = PBXBuildFile; fileRef = 8462BBBA2821AA1300681EBD /* Staff_DirectoryUITestsLaunchTests.swift */; };
		8462BBC32821AF6A00681EBD /* Main.storyboard in Resources */ = {isa = PBXBuildFile; fileRef = 8462BBC22821AF6A00681EBD /* Main.storyboard */; };
		8462BBCA2823AA6700681EBD /* people_success_response.json in Resources */ = {isa = PBXBuildFile; fileRef = 8462BBC92823AA6700681EBD /* people_success_response.json */; };
		8462BBCC2823AA7D00681EBD /* rooms_success_response.json in Resources */ = {isa = PBXBuildFile; fileRef = 8462BBCB2823AA7D00681EBD /* rooms_success_response.json */; };
		8462BBCE2823AA8900681EBD /* failure_response.json in Resources */ = {isa = PBXBuildFile; fileRef = 8462BBCD2823AA8800681EBD /* failure_response.json */; };
/* End PBXBuildFile section */

/* Begin PBXContainerItemProxy section */
		8462BBA22821A79400681EBD /* PBXContainerItemProxy */ = {
			isa = PBXContainerItemProxy;
			containerPortal = 8462BB4028219A1100681EBD /* Project object */;
			proxyType = 1;
			remoteGlobalIDString = 8462BB4728219A1100681EBD;
			remoteInfo = Staff_Directory;
		};
		8462BBB52821A9AA00681EBD /* PBXContainerItemProxy */ = {
			isa = PBXContainerItemProxy;
			containerPortal = 8462BB4028219A1100681EBD /* Project object */;
			proxyType = 1;
			remoteGlobalIDString = 8462BB4728219A1100681EBD;
			remoteInfo = Staff_Directory;
		};
/* End PBXContainerItemProxy section */

/* Begin PBXFileReference section */
		8462BB4828219A1100681EBD /* Staff_Directory.app */ = {isa = PBXFileReference; explicitFileType = wrapper.application; includeInIndex = 0; path = Staff_Directory.app; sourceTree = BUILT_PRODUCTS_DIR; };
		8462BB4B28219A1100681EBD /* AppDelegate.swift */ = {isa = PBXFileReference; lastKnownFileType = sourcecode.swift; path = AppDelegate.swift; sourceTree = "<group>"; };
		8462BB4D28219A1100681EBD /* SceneDelegate.swift */ = {isa = PBXFileReference; lastKnownFileType = sourcecode.swift; path = SceneDelegate.swift; sourceTree = "<group>"; };
		8462BB5428219A1300681EBD /* Assets.xcassets */ = {isa = PBXFileReference; lastKnownFileType = folder.assetcatalog; path = Assets.xcassets; sourceTree = "<group>"; };
		8462BB5728219A1300681EBD /* Base */ = {isa = PBXFileReference; lastKnownFileType = file.storyboard; name = Base; path = Base.lproj/LaunchScreen.storyboard; sourceTree = "<group>"; };
		8462BB5928219A1300681EBD /* Info.plist */ = {isa = PBXFileReference; lastKnownFileType = text.plist.xml; path = Info.plist; sourceTree = "<group>"; };
		8462BB6028219B0100681EBD /* PeoplesViewController.swift */ = {isa = PBXFileReference; lastKnownFileType = sourcecode.swift; path = PeoplesViewController.swift; sourceTree = "<group>"; };
		8462BB6228219B4A00681EBD /* PeopleDetailsViewController.swift */ = {isa = PBXFileReference; lastKnownFileType = sourcecode.swift; path = PeopleDetailsViewController.swift; sourceTree = "<group>"; };
		8462BB6428219B7B00681EBD /* RoomsTableViewCell.swift */ = {isa = PBXFileReference; lastKnownFileType = sourcecode.swift; path = RoomsTableViewCell.swift; sourceTree = "<group>"; };
		8462BB6628219BAE00681EBD /* PeopleCollectionViewCell.swift */ = {isa = PBXFileReference; lastKnownFileType = sourcecode.swift; path = PeopleCollectionViewCell.swift; sourceTree = "<group>"; };
		8462BB6828219BDE00681EBD /* RoomsViewControllerType.swift */ = {isa = PBXFileReference; lastKnownFileType = sourcecode.swift; path = RoomsViewControllerType.swift; sourceTree = "<group>"; };
		8462BB6B28219C2A00681EBD /* PeopleDetailsViewModel.swift */ = {isa = PBXFileReference; lastKnownFileType = sourcecode.swift; path = PeopleDetailsViewModel.swift; sourceTree = "<group>"; };
		8462BB6D28219C5400681EBD /* PeopleViewModel.swift */ = {isa = PBXFileReference; lastKnownFileType = sourcecode.swift; path = PeopleViewModel.swift; sourceTree = "<group>"; };
		8462BB6F28219C8000681EBD /* RoomsViewModel.swift */ = {isa = PBXFileReference; lastKnownFileType = sourcecode.swift; path = RoomsViewModel.swift; sourceTree = "<group>"; };
		8462BB7228219E4900681EBD /* Room.swift */ = {isa = PBXFileReference; lastKnownFileType = sourcecode.swift; path = Room.swift; sourceTree = "<group>"; };
		8462BB7428219ED000681EBD /* RoomsResponse.swift */ = {isa = PBXFileReference; lastKnownFileType = sourcecode.swift; path = RoomsResponse.swift; sourceTree = "<group>"; };
		8462BB7628219F0000681EBD /* PeopleResponse.swift */ = {isa = PBXFileReference; lastKnownFileType = sourcecode.swift; path = PeopleResponse.swift; sourceTree = "<group>"; };
		8462BB7828219F2800681EBD /* People.swift */ = {isa = PBXFileReference; lastKnownFileType = sourcecode.swift; path = People.swift; sourceTree = "<group>"; };
		8462BB7B28219FF600681EBD /* AppCoordinator.swift */ = {isa = PBXFileReference; lastKnownFileType = sourcecode.swift; path = AppCoordinator.swift; sourceTree = "<group>"; };
		8462BB7D2821A05500681EBD /* CoordinatorType.swift */ = {isa = PBXFileReference; lastKnownFileType = sourcecode.swift; path = CoordinatorType.swift; sourceTree = "<group>"; };
		8462BB7F2821A07C00681EBD /* PeoplesCoordinator.swift */ = {isa = PBXFileReference; lastKnownFileType = sourcecode.swift; path = PeoplesCoordinator.swift; sourceTree = "<group>"; };
		8462BB812821A0B000681EBD /* RoomsCoordinator.swift */ = {isa = PBXFileReference; lastKnownFileType = sourcecode.swift; path = RoomsCoordinator.swift; sourceTree = "<group>"; };
		8462BB842821A12700681EBD /* ServiceError.swift */ = {isa = PBXFileReference; lastKnownFileType = sourcecode.swift; path = ServiceError.swift; sourceTree = "<group>"; };
		8462BB862821A16600681EBD /* EndPoint.swift */ = {isa = PBXFileReference; lastKnownFileType = sourcecode.swift; path = EndPoint.swift; sourceTree = "<group>"; };
		8462BB882821A1A800681EBD /* ImageCacher.swift */ = {isa = PBXFileReference; lastKnownFileType = sourcecode.swift; path = ImageCacher.swift; sourceTree = "<group>"; };
		8462BB8A2821A1CF00681EBD /* ServiceManager.swift */ = {isa = PBXFileReference; lastKnownFileType = sourcecode.swift; path = ServiceManager.swift; sourceTree = "<group>"; };
		8462BB8C2821A1F400681EBD /* Servicable.swift */ = {isa = PBXFileReference; lastKnownFileType = sourcecode.swift; path = Servicable.swift; sourceTree = "<group>"; };
		8462BB8E2821A22700681EBD /* ImageDownloader.swift */ = {isa = PBXFileReference; lastKnownFileType = sourcecode.swift; path = ImageDownloader.swift; sourceTree = "<group>"; };
		8462BB9E2821A79400681EBD /* Staff_DirectoryTests.xctest */ = {isa = PBXFileReference; explicitFileType = wrapper.cfbundle; includeInIndex = 0; path = Staff_DirectoryTests.xctest; sourceTree = BUILT_PRODUCTS_DIR; };
		8462BBA02821A79400681EBD /* PeopleViewModelTests.swift */ = {isa = PBXFileReference; lastKnownFileType = sourcecode.swift; path = PeopleViewModelTests.swift; sourceTree = "<group>"; };
		8462BBA82821A88400681EBD /* MockNetworkManager.swift */ = {isa = PBXFileReference; lastKnownFileType = sourcecode.swift; path = MockNetworkManager.swift; sourceTree = "<group>"; };
		8462BBAA2821A8E900681EBD /* RoomsViewModelTests.swift */ = {isa = PBXFileReference; lastKnownFileType = sourcecode.swift; path = RoomsViewModelTests.swift; sourceTree = "<group>"; };
		8462BBB12821A9AA00681EBD /* Staff_DirectoryUITests.xctest */ = {isa = PBXFileReference; explicitFileType = wrapper.cfbundle; includeInIndex = 0; path = Staff_DirectoryUITests.xctest; sourceTree = BUILT_PRODUCTS_DIR; };
		8462BBB32821A9AA00681EBD /* Staff_DirectoryUITests.swift */ = {isa = PBXFileReference; lastKnownFileType = sourcecode.swift; path = Staff_DirectoryUITests.swift; sourceTree = "<group>"; };
		8462BBBA2821AA1300681EBD /* Staff_DirectoryUITestsLaunchTests.swift */ = {isa = PBXFileReference; lastKnownFileType = sourcecode.swift; path = Staff_DirectoryUITestsLaunchTests.swift; sourceTree = "<group>"; };
		8462BBC22821AF6A00681EBD /* Main.storyboard */ = {isa = PBXFileReference; fileEncoding = 4; lastKnownFileType = file.storyboard; path = Main.storyboard; sourceTree = "<group>"; };
		8462BBC92823AA6700681EBD /* people_success_response.json */ = {isa = PBXFileReference; fileEncoding = 4; lastKnownFileType = text.json; path = people_success_response.json; sourceTree = "<group>"; };
		8462BBCB2823AA7D00681EBD /* rooms_success_response.json */ = {isa = PBXFileReference; fileEncoding = 4; lastKnownFileType = text.json; path = rooms_success_response.json; sourceTree = "<group>"; };
		8462BBCD2823AA8800681EBD /* failure_response.json */ = {isa = PBXFileReference; fileEncoding = 4; lastKnownFileType = text.json; path = failure_response.json; sourceTree = "<group>"; };
/* End PBXFileReference section */

/* Begin PBXFrameworksBuildPhase section */
		8462BB4528219A1100681EBD /* Frameworks */ = {
			isa = PBXFrameworksBuildPhase;
			buildActionMask = 2147483647;
			files = (
			);
			runOnlyForDeploymentPostprocessing = 0;
		};
		8462BB9B2821A79400681EBD /* Frameworks */ = {
			isa = PBXFrameworksBuildPhase;
			buildActionMask = 2147483647;
			files = (
			);
			runOnlyForDeploymentPostprocessing = 0;
		};
		8462BBAE2821A9AA00681EBD /* Frameworks */ = {
			isa = PBXFrameworksBuildPhase;
			buildActionMask = 2147483647;
			files = (
			);
			runOnlyForDeploymentPostprocessing = 0;
		};
/* End PBXFrameworksBuildPhase section */

/* Begin PBXGroup section */
		8462BB3F28219A1100681EBD = {
			isa = PBXGroup;
			children = (
				8462BB4A28219A1100681EBD /* Staff_Directory */,
				8462BB9F2821A79400681EBD /* Staff_DirectoryTests */,
				8462BBB22821A9AA00681EBD /* Staff_DirectoryUITests */,
				8462BB4928219A1100681EBD /* Products */,
			);
			sourceTree = "<group>";
		};
		8462BB4928219A1100681EBD /* Products */ = {
			isa = PBXGroup;
			children = (
				8462BB4828219A1100681EBD /* Staff_Directory.app */,
				8462BB9E2821A79400681EBD /* Staff_DirectoryTests.xctest */,
				8462BBB12821A9AA00681EBD /* Staff_DirectoryUITests.xctest */,
			);
			name = Products;
			sourceTree = "<group>";
		};
		8462BB4A28219A1100681EBD /* Staff_Directory */ = {
			isa = PBXGroup;
			children = (
				8462BB832821A11400681EBD /* ApiService */,
				8462BB7A28219FD200681EBD /* Coordinator */,
				8462BB7128219C9B00681EBD /* Model */,
				8462BB6A28219C0600681EBD /* ViewModel */,
				8462BB5F28219A2600681EBD /* View */,
				8462BB4B28219A1100681EBD /* AppDelegate.swift */,
				8462BB4D28219A1100681EBD /* SceneDelegate.swift */,
				8462BBC22821AF6A00681EBD /* Main.storyboard */,
				8462BB5428219A1300681EBD /* Assets.xcassets */,
				8462BB5628219A1300681EBD /* LaunchScreen.storyboard */,
				8462BB5928219A1300681EBD /* Info.plist */,
			);
			path = Staff_Directory;
			sourceTree = "<group>";
		};
		8462BB5F28219A2600681EBD /* View */ = {
			isa = PBXGroup;
			children = (
				8462BB6028219B0100681EBD /* PeoplesViewController.swift */,
				8462BB6228219B4A00681EBD /* PeopleDetailsViewController.swift */,
				8462BB6428219B7B00681EBD /* RoomsTableViewCell.swift */,
				8462BB6628219BAE00681EBD /* PeopleCollectionViewCell.swift */,
				8462BB6828219BDE00681EBD /* RoomsViewControllerType.swift */,
			);
			path = View;
			sourceTree = "<group>";
		};
		8462BB6A28219C0600681EBD /* ViewModel */ = {
			isa = PBXGroup;
			children = (
				8462BB6B28219C2A00681EBD /* PeopleDetailsViewModel.swift */,
				8462BB6D28219C5400681EBD /* PeopleViewModel.swift */,
				8462BB6F28219C8000681EBD /* RoomsViewModel.swift */,
			);
			path = ViewModel;
			sourceTree = "<group>";
		};
		8462BB7128219C9B00681EBD /* Model */ = {
			isa = PBXGroup;
			children = (
				8462BB7228219E4900681EBD /* Room.swift */,
				8462BB7428219ED000681EBD /* RoomsResponse.swift */,
				8462BB7628219F0000681EBD /* PeopleResponse.swift */,
				8462BB7828219F2800681EBD /* People.swift */,
			);
			path = Model;
			sourceTree = "<group>";
		};
		8462BB7A28219FD200681EBD /* Coordinator */ = {
			isa = PBXGroup;
			children = (
				8462BB7B28219FF600681EBD /* AppCoordinator.swift */,
				8462BB7D2821A05500681EBD /* CoordinatorType.swift */,
				8462BB7F2821A07C00681EBD /* PeoplesCoordinator.swift */,
				8462BB812821A0B000681EBD /* RoomsCoordinator.swift */,
			);
			path = Coordinator;
			sourceTree = "<group>";
		};
		8462BB832821A11400681EBD /* ApiService */ = {
			isa = PBXGroup;
			children = (
				8462BB842821A12700681EBD /* ServiceError.swift */,
				8462BB862821A16600681EBD /* EndPoint.swift */,
				8462BB882821A1A800681EBD /* ImageCacher.swift */,
				8462BB8A2821A1CF00681EBD /* ServiceManager.swift */,
				8462BB8C2821A1F400681EBD /* Servicable.swift */,
				8462BB8E2821A22700681EBD /* ImageDownloader.swift */,
			);
			path = ApiService;
			sourceTree = "<group>";
		};
		8462BB9F2821A79400681EBD /* Staff_DirectoryTests */ = {
			isa = PBXGroup;
			children = (
				8462BBA72821A7B600681EBD /* Json Responses */,
				8462BBA02821A79400681EBD /* PeopleViewModelTests.swift */,
				8462BBA82821A88400681EBD /* MockNetworkManager.swift */,
				8462BBAA2821A8E900681EBD /* RoomsViewModelTests.swift */,
			);
			path = Staff_DirectoryTests;
			sourceTree = "<group>";
		};
		8462BBA72821A7B600681EBD /* Json Responses */ = {
			isa = PBXGroup;
			children = (
				8462BBCD2823AA8800681EBD /* failure_response.json */,
				8462BBCB2823AA7D00681EBD /* rooms_success_response.json */,
				8462BBC92823AA6700681EBD /* people_success_response.json */,
			);
			path = "Json Responses";
			sourceTree = "<group>";
		};
		8462BBB22821A9AA00681EBD /* Staff_DirectoryUITests */ = {
			isa = PBXGroup;
			children = (
				8462BBB32821A9AA00681EBD /* Staff_DirectoryUITests.swift */,
				8462BBBA2821AA1300681EBD /* Staff_DirectoryUITestsLaunchTests.swift */,
			);
			path = Staff_DirectoryUITests;
			sourceTree = "<group>";
		};
/* End PBXGroup section */

/* Begin PBXNativeTarget section */
		8462BB4728219A1100681EBD /* Staff_Directory */ = {
			isa = PBXNativeTarget;
			buildConfigurationList = 8462BB5C28219A1300681EBD /* Build configuration list for PBXNativeTarget "Staff_Directory" */;
			buildPhases = (
				8462BB4428219A1100681EBD /* Sources */,
				8462BB4528219A1100681EBD /* Frameworks */,
				8462BB4628219A1100681EBD /* Resources */,
			);
			buildRules = (
			);
			dependencies = (
			);
			name = Staff_Directory;
			productName = Staff_Directory;
			productReference = 8462BB4828219A1100681EBD /* Staff_Directory.app */;
			productType = "com.apple.product-type.application";
		};
		8462BB9D2821A79400681EBD /* Staff_DirectoryTests */ = {
			isa = PBXNativeTarget;
			buildConfigurationList = 8462BBA42821A79400681EBD /* Build configuration list for PBXNativeTarget "Staff_DirectoryTests" */;
			buildPhases = (
				8462BB9A2821A79400681EBD /* Sources */,
				8462BB9B2821A79400681EBD /* Frameworks */,
				8462BB9C2821A79400681EBD /* Resources */,
			);
			buildRules = (
			);
			dependencies = (
				8462BBA32821A79400681EBD /* PBXTargetDependency */,
			);
			name = Staff_DirectoryTests;
			productName = Staff_DirectoryTests;
			productReference = 8462BB9E2821A79400681EBD /* Staff_DirectoryTests.xctest */;
			productType = "com.apple.product-type.bundle.unit-test";
		};
		8462BBB02821A9AA00681EBD /* Staff_DirectoryUITests */ = {
			isa = PBXNativeTarget;
			buildConfigurationList = 8462BBB72821A9AA00681EBD /* Build configuration list for PBXNativeTarget "Staff_DirectoryUITests" */;
			buildPhases = (
				8462BBAD2821A9AA00681EBD /* Sources */,
				8462BBAE2821A9AA00681EBD /* Frameworks */,
				8462BBAF2821A9AA00681EBD /* Resources */,
			);
			buildRules = (
			);
			dependencies = (
				8462BBB62821A9AA00681EBD /* PBXTargetDependency */,
			);
			name = Staff_DirectoryUITests;
			productName = Staff_DirectoryUITests;
			productReference = 8462BBB12821A9AA00681EBD /* Staff_DirectoryUITests.xctest */;
			productType = "com.apple.product-type.bundle.unit-test";
		};
/* End PBXNativeTarget section */

/* Begin PBXProject section */
		8462BB4028219A1100681EBD /* Project object */ = {
			isa = PBXProject;
			attributes = {
				BuildIndependentTargetsInParallel = 1;
				LastSwiftUpdateCheck = 1330;
				LastUpgradeCheck = 1330;
				TargetAttributes = {
					8462BB4728219A1100681EBD = {
						CreatedOnToolsVersion = 13.3.1;
					};
					8462BB9D2821A79400681EBD = {
						CreatedOnToolsVersion = 13.3.1;
						TestTargetID = 8462BB4728219A1100681EBD;
					};
					8462BBB02821A9AA00681EBD = {
						CreatedOnToolsVersion = 13.3.1;
						TestTargetID = 8462BB4728219A1100681EBD;
					};
				};
			};
			buildConfigurationList = 8462BB4328219A1100681EBD /* Build configuration list for PBXProject "Staff_Directory" */;
			compatibilityVersion = "Xcode 13.0";
			developmentRegion = en;
			hasScannedForEncodings = 0;
			knownRegions = (
				en,
				Base,
			);
			mainGroup = 8462BB3F28219A1100681EBD;
			productRefGroup = 8462BB4928219A1100681EBD /* Products */;
			projectDirPath = "";
			projectRoot = "";
			targets = (
				8462BB4728219A1100681EBD /* Staff_Directory */,
				8462BB9D2821A79400681EBD /* Staff_DirectoryTests */,
				8462BBB02821A9AA00681EBD /* Staff_DirectoryUITests */,
			);
		};
/* End PBXProject section */

/* Begin PBXResourcesBuildPhase section */
		8462BB4628219A1100681EBD /* Resources */ = {
			isa = PBXResourcesBuildPhase;
			buildActionMask = 2147483647;
			files = (
				8462BBC32821AF6A00681EBD /* Main.storyboard in Resources */,
				8462BB5828219A1300681EBD /* LaunchScreen.storyboard in Resources */,
				8462BB5528219A1300681EBD /* Assets.xcassets in Resources */,
			);
			runOnlyForDeploymentPostprocessing = 0;
		};
		8462BB9C2821A79400681EBD /* Resources */ = {
			isa = PBXResourcesBuildPhase;
			buildActionMask = 2147483647;
			files = (
				8462BBCA2823AA6700681EBD /* people_success_response.json in Resources */,
				8462BBCE2823AA8900681EBD /* failure_response.json in Resources */,
				8462BBCC2823AA7D00681EBD /* rooms_success_response.json in Resources */,
			);
			runOnlyForDeploymentPostprocessing = 0;
		};
		8462BBAF2821A9AA00681EBD /* Resources */ = {
			isa = PBXResourcesBuildPhase;
			buildActionMask = 2147483647;
			files = (
			);
			runOnlyForDeploymentPostprocessing = 0;
		};
/* End PBXResourcesBuildPhase section */

/* Begin PBXSourcesBuildPhase section */
		8462BB4428219A1100681EBD /* Sources */ = {
			isa = PBXSourcesBuildPhase;
			buildActionMask = 2147483647;
			files = (
				8462BB7728219F0000681EBD /* PeopleResponse.swift in Sources */,
				8462BB6928219BDE00681EBD /* RoomsViewControllerType.swift in Sources */,
				8462BB7528219ED000681EBD /* RoomsResponse.swift in Sources */,
				8462BB802821A07C00681EBD /* PeoplesCoordinator.swift in Sources */,
				8462BB4C28219A1100681EBD /* AppDelegate.swift in Sources */,
				8462BB822821A0B000681EBD /* RoomsCoordinator.swift in Sources */,
				8462BB6E28219C5400681EBD /* PeopleViewModel.swift in Sources */,
				8462BB8D2821A1F400681EBD /* Servicable.swift in Sources */,
				8462BB6528219B7B00681EBD /* RoomsTableViewCell.swift in Sources */,
				8462BB7E2821A05500681EBD /* CoordinatorType.swift in Sources */,
				8462BB8F2821A22700681EBD /* ImageDownloader.swift in Sources */,
				8462BB7928219F2800681EBD /* People.swift in Sources */,
				8462BB4E28219A1100681EBD /* SceneDelegate.swift in Sources */,
				8462BB8B2821A1CF00681EBD /* ServiceManager.swift in Sources */,
				8462BB892821A1A800681EBD /* ImageCacher.swift in Sources */,
				8462BB6328219B4A00681EBD /* PeopleDetailsViewController.swift in Sources */,
				8462BB852821A12700681EBD /* ServiceError.swift in Sources */,
				8462BB6128219B0100681EBD /* PeoplesViewController.swift in Sources */,
				8462BB872821A16600681EBD /* EndPoint.swift in Sources */,
				8462BB7028219C8000681EBD /* RoomsViewModel.swift in Sources */,
				8462BB6C28219C2A00681EBD /* PeopleDetailsViewModel.swift in Sources */,
				8462BB7C28219FF600681EBD /* AppCoordinator.swift in Sources */,
				8462BB6728219BAE00681EBD /* PeopleCollectionViewCell.swift in Sources */,
				8462BB7328219E4900681EBD /* Room.swift in Sources */,
			);
			runOnlyForDeploymentPostprocessing = 0;
		};
		8462BB9A2821A79400681EBD /* Sources */ = {
			isa = PBXSourcesBuildPhase;
			buildActionMask = 2147483647;
			files = (
				8462BBA92821A88400681EBD /* MockNetworkManager.swift in Sources */,
				8462BBAB2821A8E900681EBD /* RoomsViewModelTests.swift in Sources */,
				8462BBA12821A79400681EBD /* PeopleViewModelTests.swift in Sources */,
			);
			runOnlyForDeploymentPostprocessing = 0;
		};
		8462BBAD2821A9AA00681EBD /* Sources */ = {
			isa = PBXSourcesBuildPhase;
			buildActionMask = 2147483647;
			files = (
				8462BBB42821A9AA00681EBD /* Staff_DirectoryUITests.swift in Sources */,
				8462BBBB2821AA1300681EBD /* Staff_DirectoryUITestsLaunchTests.swift in Sources */,
			);
			runOnlyForDeploymentPostprocessing = 0;
		};
/* End PBXSourcesBuildPhase section */

/* Begin PBXTargetDependency section */
		8462BBA32821A79400681EBD /* PBXTargetDependency */ = {
			isa = PBXTargetDependency;
			target = 8462BB4728219A1100681EBD /* Staff_Directory */;
			targetProxy = 8462BBA22821A79400681EBD /* PBXContainerItemProxy */;
		};
		8462BBB62821A9AA00681EBD /* PBXTargetDependency */ = {
			isa = PBXTargetDependency;
			target = 8462BB4728219A1100681EBD /* Staff_Directory */;
			targetProxy = 8462BBB52821A9AA00681EBD /* PBXContainerItemProxy */;
		};
/* End PBXTargetDependency section */

/* Begin PBXVariantGroup section */
		8462BB5628219A1300681EBD /* LaunchScreen.storyboard */ = {
			isa = PBXVariantGroup;
			children = (
				8462BB5728219A1300681EBD /* Base */,
			);
			name = LaunchScreen.storyboard;
			sourceTree = "<group>";
		};
/* End PBXVariantGroup section */

/* Begin XCBuildConfiguration section */
		8462BB5A28219A1300681EBD /* Debug */ = {
			isa = XCBuildConfiguration;
			buildSettings = {
				ALWAYS_SEARCH_USER_PATHS = NO;
				CLANG_ANALYZER_NONNULL = YES;
				CLANG_ANALYZER_NUMBER_OBJECT_CONVERSION = YES_AGGRESSIVE;
				CLANG_CXX_LANGUAGE_STANDARD = "gnu++17";
				CLANG_ENABLE_MODULES = YES;
				CLANG_ENABLE_OBJC_ARC = YES;
				CLANG_ENABLE_OBJC_WEAK = YES;
				CLANG_WARN_BLOCK_CAPTURE_AUTORELEASING = YES;
				CLANG_WARN_BOOL_CONVERSION = YES;
				CLANG_WARN_COMMA = YES;
				CLANG_WARN_CONSTANT_CONVERSION = YES;
				CLANG_WARN_DEPRECATED_OBJC_IMPLEMENTATIONS = YES;
				CLANG_WARN_DIRECT_OBJC_ISA_USAGE = YES_ERROR;
				CLANG_WARN_DOCUMENTATION_COMMENTS = YES;
				CLANG_WARN_EMPTY_BODY = YES;
				CLANG_WARN_ENUM_CONVERSION = YES;
				CLANG_WARN_INFINITE_RECURSION = YES;
				CLANG_WARN_INT_CONVERSION = YES;
				CLANG_WARN_NON_LITERAL_NULL_CONVERSION = YES;
				CLANG_WARN_OBJC_IMPLICIT_RETAIN_SELF = YES;
				CLANG_WARN_OBJC_LITERAL_CONVERSION = YES;
				CLANG_WARN_OBJC_ROOT_CLASS = YES_ERROR;
				CLANG_WARN_QUOTED_INCLUDE_IN_FRAMEWORK_HEADER = YES;
				CLANG_WARN_RANGE_LOOP_ANALYSIS = YES;
				CLANG_WARN_STRICT_PROTOTYPES = YES;
				CLANG_WARN_SUSPICIOUS_MOVE = YES;
				CLANG_WARN_UNGUARDED_AVAILABILITY = YES_AGGRESSIVE;
				CLANG_WARN_UNREACHABLE_CODE = YES;
				CLANG_WARN__DUPLICATE_METHOD_MATCH = YES;
				COPY_PHASE_STRIP = NO;
				DEBUG_INFORMATION_FORMAT = dwarf;
				ENABLE_STRICT_OBJC_MSGSEND = YES;
				ENABLE_TESTABILITY = YES;
				GCC_C_LANGUAGE_STANDARD = gnu11;
				GCC_DYNAMIC_NO_PIC = NO;
				GCC_NO_COMMON_BLOCKS = YES;
				GCC_OPTIMIZATION_LEVEL = 0;
				GCC_PREPROCESSOR_DEFINITIONS = (
					"DEBUG=1",
					"$(inherited)",
				);
				GCC_WARN_64_TO_32_BIT_CONVERSION = YES;
				GCC_WARN_ABOUT_RETURN_TYPE = YES_ERROR;
				GCC_WARN_UNDECLARED_SELECTOR = YES;
				GCC_WARN_UNINITIALIZED_AUTOS = YES_AGGRESSIVE;
				GCC_WARN_UNUSED_FUNCTION = YES;
				GCC_WARN_UNUSED_VARIABLE = YES;
				IPHONEOS_DEPLOYMENT_TARGET = 15.4;
				MTL_ENABLE_DEBUG_INFO = INCLUDE_SOURCE;
				MTL_FAST_MATH = YES;
				ONLY_ACTIVE_ARCH = YES;
				SDKROOT = iphoneos;
				SWIFT_ACTIVE_COMPILATION_CONDITIONS = DEBUG;
				SWIFT_OPTIMIZATION_LEVEL = "-Onone";
			};
			name = Debug;
		};
		8462BB5B28219A1300681EBD /* Release */ = {
			isa = XCBuildConfiguration;
			buildSettings = {
				ALWAYS_SEARCH_USER_PATHS = NO;
				CLANG_ANALYZER_NONNULL = YES;
				CLANG_ANALYZER_NUMBER_OBJECT_CONVERSION = YES_AGGRESSIVE;
				CLANG_CXX_LANGUAGE_STANDARD = "gnu++17";
				CLANG_ENABLE_MODULES = YES;
				CLANG_ENABLE_OBJC_ARC = YES;
				CLANG_ENABLE_OBJC_WEAK = YES;
				CLANG_WARN_BLOCK_CAPTURE_AUTORELEASING = YES;
				CLANG_WARN_BOOL_CONVERSION = YES;
				CLANG_WARN_COMMA = YES;
				CLANG_WARN_CONSTANT_CONVERSION = YES;
				CLANG_WARN_DEPRECATED_OBJC_IMPLEMENTATIONS = YES;
				CLANG_WARN_DIRECT_OBJC_ISA_USAGE = YES_ERROR;
				CLANG_WARN_DOCUMENTATION_COMMENTS = YES;
				CLANG_WARN_EMPTY_BODY = YES;
				CLANG_WARN_ENUM_CONVERSION = YES;
				CLANG_WARN_INFINITE_RECURSION = YES;
				CLANG_WARN_INT_CONVERSION = YES;
				CLANG_WARN_NON_LITERAL_NULL_CONVERSION = YES;
				CLANG_WARN_OBJC_IMPLICIT_RETAIN_SELF = YES;
				CLANG_WARN_OBJC_LITERAL_CONVERSION = YES;
				CLANG_WARN_OBJC_ROOT_CLASS = YES_ERROR;
				CLANG_WARN_QUOTED_INCLUDE_IN_FRAMEWORK_HEADER = YES;
				CLANG_WARN_RANGE_LOOP_ANALYSIS = YES;
				CLANG_WARN_STRICT_PROTOTYPES = YES;
				CLANG_WARN_SUSPICIOUS_MOVE = YES;
				CLANG_WARN_UNGUARDED_AVAILABILITY = YES_AGGRESSIVE;
				CLANG_WARN_UNREACHABLE_CODE = YES;
				CLANG_WARN__DUPLICATE_METHOD_MATCH = YES;
				COPY_PHASE_STRIP = NO;
				DEBUG_INFORMATION_FORMAT = "dwarf-with-dsym";
				ENABLE_NS_ASSERTIONS = NO;
				ENABLE_STRICT_OBJC_MSGSEND = YES;
				GCC_C_LANGUAGE_STANDARD = gnu11;
				GCC_NO_COMMON_BLOCKS = YES;
				GCC_WARN_64_TO_32_BIT_CONVERSION = YES;
				GCC_WARN_ABOUT_RETURN_TYPE = YES_ERROR;
				GCC_WARN_UNDECLARED_SELECTOR = YES;
				GCC_WARN_UNINITIALIZED_AUTOS = YES_AGGRESSIVE;
				GCC_WARN_UNUSED_FUNCTION = YES;
				GCC_WARN_UNUSED_VARIABLE = YES;
				IPHONEOS_DEPLOYMENT_TARGET = 15.4;
				MTL_ENABLE_DEBUG_INFO = NO;
				MTL_FAST_MATH = YES;
				SDKROOT = iphoneos;
				SWIFT_COMPILATION_MODE = wholemodule;
				SWIFT_OPTIMIZATION_LEVEL = "-O";
				VALIDATE_PRODUCT = YES;
			};
			name = Release;
		};
		8462BB5D28219A1300681EBD /* Debug */ = {
			isa = XCBuildConfiguration;
			buildSettings = {
				ASSETCATALOG_COMPILER_APPICON_NAME = AppIcon;
				ASSETCATALOG_COMPILER_GLOBAL_ACCENT_COLOR_NAME = AccentColor;
				CODE_SIGN_STYLE = Automatic;
				CURRENT_PROJECT_VERSION = 1;
				GENERATE_INFOPLIST_FILE = YES;
				INFOPLIST_FILE = Staff_Directory/Info.plist;
				INFOPLIST_KEY_UIApplicationSupportsIndirectInputEvents = YES;
				INFOPLIST_KEY_UILaunchStoryboardName = LaunchScreen;
				INFOPLIST_KEY_UIMainStoryboardFile = Main;
				INFOPLIST_KEY_UISupportedInterfaceOrientations = "UIInterfaceOrientationPortrait UIInterfaceOrientationLandscapeLeft UIInterfaceOrientationLandscapeRight";
				INFOPLIST_KEY_UISupportedInterfaceOrientations_iPad = "UIInterfaceOrientationPortrait UIInterfaceOrientationPortraitUpsideDown UIInterfaceOrientationLandscapeLeft UIInterfaceOrientationLandscapeRight";
				INFOPLIST_KEY_UISupportedInterfaceOrientations_iPhone = "UIInterfaceOrientationPortrait UIInterfaceOrientationLandscapeLeft UIInterfaceOrientationLandscapeRight";
				IPHONEOS_DEPLOYMENT_TARGET = 14.0;
				LD_RUNPATH_SEARCH_PATHS = (
					"$(inherited)",
					"@executable_path/Frameworks",
				);
				MARKETING_VERSION = 1.0;
				PRODUCT_BUNDLE_IDENTIFIER = "com.enhanceit.Staff-Directory";
				PRODUCT_NAME = "$(TARGET_NAME)";
				SWIFT_EMIT_LOC_STRINGS = YES;
				SWIFT_VERSION = 5.0;
				TARGETED_DEVICE_FAMILY = "1,2";
			};
			name = Debug;
		};
		8462BB5E28219A1300681EBD /* Release */ = {
			isa = XCBuildConfiguration;
			buildSettings = {
				ASSETCATALOG_COMPILER_APPICON_NAME = AppIcon;
				ASSETCATALOG_COMPILER_GLOBAL_ACCENT_COLOR_NAME = AccentColor;
				CODE_SIGN_STYLE = Automatic;
				CURRENT_PROJECT_VERSION = 1;
				GENERATE_INFOPLIST_FILE = YES;
				INFOPLIST_FILE = Staff_Directory/Info.plist;
				INFOPLIST_KEY_UIApplicationSupportsIndirectInputEvents = YES;
				INFOPLIST_KEY_UILaunchStoryboardName = LaunchScreen;
				INFOPLIST_KEY_UIMainStoryboardFile = Main;
				INFOPLIST_KEY_UISupportedInterfaceOrientations = "UIInterfaceOrientationPortrait UIInterfaceOrientationLandscapeLeft UIInterfaceOrientationLandscapeRight";
				INFOPLIST_KEY_UISupportedInterfaceOrientations_iPad = "UIInterfaceOrientationPortrait UIInterfaceOrientationPortraitUpsideDown UIInterfaceOrientationLandscapeLeft UIInterfaceOrientationLandscapeRight";
				INFOPLIST_KEY_UISupportedInterfaceOrientations_iPhone = "UIInterfaceOrientationPortrait UIInterfaceOrientationLandscapeLeft UIInterfaceOrientationLandscapeRight";
				IPHONEOS_DEPLOYMENT_TARGET = 14.0;
				LD_RUNPATH_SEARCH_PATHS = (
					"$(inherited)",
					"@executable_path/Frameworks",
				);
				MARKETING_VERSION = 1.0;
				PRODUCT_BUNDLE_IDENTIFIER = "com.enhanceit.Staff-Directory";
				PRODUCT_NAME = "$(TARGET_NAME)";
				SWIFT_EMIT_LOC_STRINGS = YES;
				SWIFT_VERSION = 5.0;
				TARGETED_DEVICE_FAMILY = "1,2";
			};
			name = Release;
		};
		8462BBA52821A79400681EBD /* Debug */ = {
			isa = XCBuildConfiguration;
			buildSettings = {
				BUNDLE_LOADER = "$(TEST_HOST)";
				CODE_SIGN_STYLE = Automatic;
				CURRENT_PROJECT_VERSION = 1;
				GENERATE_INFOPLIST_FILE = YES;
				MARKETING_VERSION = 1.0;
				PRODUCT_BUNDLE_IDENTIFIER = "com.enhanceit.Staff-DirectoryTests";
				PRODUCT_NAME = "$(TARGET_NAME)";
				SWIFT_EMIT_LOC_STRINGS = NO;
				SWIFT_VERSION = 5.0;
				TARGETED_DEVICE_FAMILY = "1,2";
				TEST_HOST = "$(BUILT_PRODUCTS_DIR)/Staff_Directory.app/Staff_Directory";
			};
			name = Debug;
		};
		8462BBA62821A79400681EBD /* Release */ = {
			isa = XCBuildConfiguration;
			buildSettings = {
				BUNDLE_LOADER = "$(TEST_HOST)";
				CODE_SIGN_STYLE = Automatic;
				CURRENT_PROJECT_VERSION = 1;
				GENERATE_INFOPLIST_FILE = YES;
				MARKETING_VERSION = 1.0;
				PRODUCT_BUNDLE_IDENTIFIER = "com.enhanceit.Staff-DirectoryTests";
				PRODUCT_NAME = "$(TARGET_NAME)";
				SWIFT_EMIT_LOC_STRINGS = NO;
				SWIFT_VERSION = 5.0;
				TARGETED_DEVICE_FAMILY = "1,2";
				TEST_HOST = "$(BUILT_PRODUCTS_DIR)/Staff_Directory.app/Staff_Directory";
			};
			name = Release;
		};
		8462BBB82821A9AA00681EBD /* Debug */ = {
			isa = XCBuildConfiguration;
			buildSettings = {
				BUNDLE_LOADER = "$(TEST_HOST)";
				CODE_SIGN_STYLE = Automatic;
				CURRENT_PROJECT_VERSION = 1;
				GENERATE_INFOPLIST_FILE = YES;
				MARKETING_VERSION = 1.0;
				PRODUCT_BUNDLE_IDENTIFIER = "com.enhanceit.Staff-DirectoryUITests";
				PRODUCT_NAME = "$(TARGET_NAME)";
				SWIFT_EMIT_LOC_STRINGS = NO;
				SWIFT_VERSION = 5.0;
				TARGETED_DEVICE_FAMILY = "1,2";
				TEST_HOST = "$(BUILT_PRODUCTS_DIR)/Staff_Directory.app/Staff_Directory";
			};
			name = Debug;
		};
		8462BBB92821A9AA00681EBD /* Release */ = {
			isa = XCBuildConfiguration;
			buildSettings = {
				BUNDLE_LOADER = "$(TEST_HOST)";
				CODE_SIGN_STYLE = Automatic;
				CURRENT_PROJECT_VERSION = 1;
				GENERATE_INFOPLIST_FILE = YES;
				MARKETING_VERSION = 1.0;
				PRODUCT_BUNDLE_IDENTIFIER = "com.enhanceit.Staff-DirectoryUITests";
				PRODUCT_NAME = "$(TARGET_NAME)";
				SWIFT_EMIT_LOC_STRINGS = NO;
				SWIFT_VERSION = 5.0;
				TARGETED_DEVICE_FAMILY = "1,2";
				TEST_HOST = "$(BUILT_PRODUCTS_DIR)/Staff_Directory.app/Staff_Directory";
			};
			name = Release;
		};
/* End XCBuildConfiguration section */

/* Begin XCConfigurationList section */
		8462BB4328219A1100681EBD /* Build configuration list for PBXProject "Staff_Directory" */ = {
			isa = XCConfigurationList;
			buildConfigurations = (
				8462BB5A28219A1300681EBD /* Debug */,
				8462BB5B28219A1300681EBD /* Release */,
			);
			defaultConfigurationIsVisible = 0;
			defaultConfigurationName = Release;
		};
		8462BB5C28219A1300681EBD /* Build configuration list for PBXNativeTarget "Staff_Directory" */ = {
			isa = XCConfigurationList;
			buildConfigurations = (
				8462BB5D28219A1300681EBD /* Debug */,
				8462BB5E28219A1300681EBD /* Release */,
			);
			defaultConfigurationIsVisible = 0;
			defaultConfigurationName = Release;
		};
		8462BBA42821A79400681EBD /* Build configuration list for PBXNativeTarget "Staff_DirectoryTests" */ = {
			isa = XCConfigurationList;
			buildConfigurations = (
				8462BBA52821A79400681EBD /* Debug */,
				8462BBA62821A79400681EBD /* Release */,
			);
			defaultConfigurationIsVisible = 0;
			defaultConfigurationName = Release;
		};
		8462BBB72821A9AA00681EBD /* Build configuration list for PBXNativeTarget "Staff_DirectoryUITests" */ = {
			isa = XCConfigurationList;
			buildConfigurations = (
				8462BBB82821A9AA00681EBD /* Debug */,
				8462BBB92821A9AA00681EBD /* Release */,
			);
			defaultConfigurationIsVisible = 0;
			defaultConfigurationName = Release;
		};
/* End XCConfigurationList section */
	};
	rootObject = 8462BB4028219A1100681EBD /* Project object */;
}
